
Microsoft Visual Studio Solution File, Format Version 12.00
# Visual Studio Version 17
VisualStudioVersion = 17.13.35818.85 d17.13
MinimumVisualStudioVersion = 10.0.40219.1
Project("{2150E333-8FDC-42A3-9474-1A3956D46DE8}") = "src", "src", "{5DF0E140-0513-4D0D-BE2E-3D4D85CD70E6}"
EndProject
Project("{2150E333-8FDC-42A3-9474-1A3956D46DE8}") = "test", "test", "{447C8A77-E5F0-4538-8687-7383196D04EA}"
EndProject
Project("{9A19103F-16F7-4668-BE54-9A1E7A4F7556}") = "AbpTestBase", "test\AbpTestBase\AbpTestBase.csproj", "{1020F5FD-6A97-40C2-AFCA-EBDF641DF111}"
EndProject
Project("{9A19103F-16F7-4668-BE54-9A1E7A4F7556}") = "Volo.Abp.AspNetCore", "src\Volo.Abp.AspNetCore\Volo.Abp.AspNetCore.csproj", "{02BE03BA-3411-448C-AB61-CB36407CC49A}"
EndProject
Project("{9A19103F-16F7-4668-BE54-9A1E7A4F7556}") = "Volo.Abp.AspNetCore.Tests", "test\Volo.Abp.AspNetCore.Tests\Volo.Abp.AspNetCore.Tests.csproj", "{B1D860BB-6EC6-4BAE-ADAA-C2AEC2FFB510}"
EndProject
Project("{9A19103F-16F7-4668-BE54-9A1E7A4F7556}") = "Volo.Abp.AspNetCore.TestBase", "src\Volo.Abp.AspNetCore.TestBase\Volo.Abp.AspNetCore.TestBase.csproj", "{DDEC5D74-212F-41BD-974C-4B4E88E574E1}"
EndProject
Project("{9A19103F-16F7-4668-BE54-9A1E7A4F7556}") = "Volo.Abp.TestBase", "src\Volo.Abp.TestBase\Volo.Abp.TestBase.csproj", "{8CECCEAF-F0D8-4257-96BA-EACF4763AF42}"
EndProject
Project("{9A19103F-16F7-4668-BE54-9A1E7A4F7556}") = "Volo.Abp.AspNetCore.Mvc.Tests", "test\Volo.Abp.AspNetCore.Mvc.Tests\Volo.Abp.AspNetCore.Mvc.Tests.csproj", "{27D76546-6091-4AEE-9079-1FE3991C81BC}"
EndProject
Project("{9A19103F-16F7-4668-BE54-9A1E7A4F7556}") = "Volo.Abp.TestApp", "test\Volo.Abp.TestApp\Volo.Abp.TestApp.csproj", "{DE160F1A-92FB-44BA-87E2-B8AD7A938AC7}"
EndProject
Project("{9A19103F-16F7-4668-BE54-9A1E7A4F7556}") = "Volo.Abp.TestApp.Tests", "test\Volo.Abp.TestApp.Tests\Volo.Abp.TestApp.Tests.csproj", "{4C2F7B03-C598-4432-A43A-B065D9D0712F}"
EndProject
Project("{9A19103F-16F7-4668-BE54-9A1E7A4F7556}") = "SimpleConsoleDemo", "test\SimpleConsoleDemo\SimpleConsoleDemo.csproj", "{2B48CF90-DBDB-469F-941C-5B5AECEEACE0}"
EndProject
Project("{9A19103F-16F7-4668-BE54-9A1E7A4F7556}") = "Volo.Abp.Core", "src\Volo.Abp.Core\Volo.Abp.Core.csproj", "{A7A97BFD-48FA-45D1-8423-031BA30BEAA1}"
EndProject
Project("{9A19103F-16F7-4668-BE54-9A1E7A4F7556}") = "Volo.Abp.Core.Tests", "test\Volo.Abp.Core.Tests\Volo.Abp.Core.Tests.csproj", "{3622B544-1345-4230-ABC2-4902328DE971}"
EndProject
Project("{9A19103F-16F7-4668-BE54-9A1E7A4F7556}") = "Volo.Abp.Security", "src\Volo.Abp.Security\Volo.Abp.Security.csproj", "{D43CC2C9-449A-4619-B5C6-CBC72BCA0512}"
EndProject
Project("{9A19103F-16F7-4668-BE54-9A1E7A4F7556}") = "Volo.Abp.Guids", "src\Volo.Abp.Guids\Volo.Abp.Guids.csproj", "{75C24B75-7B8A-4FC5-9DE4-91BF6168BCC0}"
EndProject
Project("{9A19103F-16F7-4668-BE54-9A1E7A4F7556}") = "Volo.Abp.Security.Tests", "test\Volo.Abp.Security.Tests\Volo.Abp.Security.Tests.csproj", "{7CE07034-7E02-4C78-B981-F1039412CA5E}"
EndProject
Project("{9A19103F-16F7-4668-BE54-9A1E7A4F7556}") = "Volo.Abp", "src\Volo.Abp\Volo.Abp.csproj", "{6C161F55-54B6-42A5-B177-3B0ED50323C1}"
EndProject
Project("{9A19103F-16F7-4668-BE54-9A1E7A4F7556}") = "Volo.Abp.Cli", "src\Volo.Abp.Cli\Volo.Abp.Cli.csproj", "{69168816-4394-4DDA-BB6B-C21983D37F0B}"
EndProject
Project("{9A19103F-16F7-4668-BE54-9A1E7A4F7556}") = "Volo.Abp.Cli.Core", "src\Volo.Abp.Cli.Core\Volo.Abp.Cli.Core.csproj", "{3DA9923E-048E-4FE7-9748-3A0194F5D196}"
EndProject
Project("{9A19103F-16F7-4668-BE54-9A1E7A4F7556}") = "Volo.Abp.Cli.Core.Tests", "test\Volo.Abp.Cli.Core.Tests\Volo.Abp.Cli.Core.Tests.csproj", "{F006B0B4-F25D-4511-9FB3-F17AA44BDCEA}"
EndProject
Project("{FAE04EC0-301F-11D3-BF4B-00C04F79EFBC}") = "Volo.Abp.Http.Client.Tests", "test\Volo.Abp.Http.Client.Tests\Volo.Abp.Http.Client.Tests.csproj", "{C34708DC-9142-4635-B400-FC2EA709D9AD}"
EndProject
Project("{FAE04EC0-301F-11D3-BF4B-00C04F79EFBC}") = "Volo.Abp.Http.Tests", "test\Volo.Abp.Http.Tests\Volo.Abp.Http.Tests.csproj", "{3AD4B5A3-4E02-4A8F-9ECE-86E6686C4929}"
EndProject
Project("{FAE04EC0-301F-11D3-BF4B-00C04F79EFBC}") = "App.Web", "src\App.Web\App.Web.csproj", "{461A3FF6-412B-4A4A-87D2-036985F0B043}"
EndProject
Project("{FAE04EC0-301F-11D3-BF4B-00C04F79EFBC}") = "App.Web.Test", "test\App.Web.Test\App.Web.Test.csproj", "{20A5D93E-652C-4063-AE9C-C98C75054D68}"
EndProject
Global
	GlobalSection(SolutionConfigurationPlatforms) = preSolution
		Debug|Any CPU = Debug|Any CPU
		Release|Any CPU = Release|Any CPU
	EndGlobalSection
	GlobalSection(ProjectConfigurationPlatforms) = postSolution
		{1020F5FD-6A97-40C2-AFCA-EBDF641DF111}.Debug|Any CPU.ActiveCfg = Debug|Any CPU
		{1020F5FD-6A97-40C2-AFCA-EBDF641DF111}.Debug|Any CPU.Build.0 = Debug|Any CPU
		{1020F5FD-6A97-40C2-AFCA-EBDF641DF111}.Release|Any CPU.ActiveCfg = Release|Any CPU
		{1020F5FD-6A97-40C2-AFCA-EBDF641DF111}.Release|Any CPU.Build.0 = Release|Any CPU
		{02BE03BA-3411-448C-AB61-CB36407CC49A}.Debug|Any CPU.ActiveCfg = Debug|Any CPU
		{02BE03BA-3411-448C-AB61-CB36407CC49A}.Debug|Any CPU.Build.0 = Debug|Any CPU
		{02BE03BA-3411-448C-AB61-CB36407CC49A}.Release|Any CPU.ActiveCfg = Release|Any CPU
		{02BE03BA-3411-448C-AB61-CB36407CC49A}.Release|Any CPU.Build.0 = Release|Any CPU
		{B1D860BB-6EC6-4BAE-ADAA-C2AEC2FFB510}.Debug|Any CPU.ActiveCfg = Debug|Any CPU
		{B1D860BB-6EC6-4BAE-ADAA-C2AEC2FFB510}.Debug|Any CPU.Build.0 = Debug|Any CPU
		{B1D860BB-6EC6-4BAE-ADAA-C2AEC2FFB510}.Release|Any CPU.ActiveCfg = Release|Any CPU
		{B1D860BB-6EC6-4BAE-ADAA-C2AEC2FFB510}.Release|Any CPU.Build.0 = Release|Any CPU
		{DDEC5D74-212F-41BD-974C-4B4E88E574E1}.Debug|Any CPU.ActiveCfg = Debug|Any CPU
		{DDEC5D74-212F-41BD-974C-4B4E88E574E1}.Debug|Any CPU.Build.0 = Debug|Any CPU
		{DDEC5D74-212F-41BD-974C-4B4E88E574E1}.Release|Any CPU.ActiveCfg = Release|Any CPU
		{DDEC5D74-212F-41BD-974C-4B4E88E574E1}.Release|Any CPU.Build.0 = Release|Any CPU
		{8CECCEAF-F0D8-4257-96BA-EACF4763AF42}.Debug|Any CPU.ActiveCfg = Debug|Any CPU
		{8CECCEAF-F0D8-4257-96BA-EACF4763AF42}.Debug|Any CPU.Build.0 = Debug|Any CPU
		{8CECCEAF-F0D8-4257-96BA-EACF4763AF42}.Release|Any CPU.ActiveCfg = Release|Any CPU
		{8CECCEAF-F0D8-4257-96BA-EACF4763AF42}.Release|Any CPU.Build.0 = Release|Any CPU
		{27D76546-6091-4AEE-9079-1FE3991C81BC}.Debug|Any CPU.ActiveCfg = Debug|Any CPU
		{27D76546-6091-4AEE-9079-1FE3991C81BC}.Debug|Any CPU.Build.0 = Debug|Any CPU
		{27D76546-6091-4AEE-9079-1FE3991C81BC}.Release|Any CPU.ActiveCfg = Release|Any CPU
		{27D76546-6091-4AEE-9079-1FE3991C81BC}.Release|Any CPU.Build.0 = Release|Any CPU
		{DE160F1A-92FB-44BA-87E2-B8AD7A938AC7}.Debug|Any CPU.ActiveCfg = Debug|Any CPU
		{DE160F1A-92FB-44BA-87E2-B8AD7A938AC7}.Debug|Any CPU.Build.0 = Debug|Any CPU
		{DE160F1A-92FB-44BA-87E2-B8AD7A938AC7}.Release|Any CPU.ActiveCfg = Release|Any CPU
		{DE160F1A-92FB-44BA-87E2-B8AD7A938AC7}.Release|Any CPU.Build.0 = Release|Any CPU
		{4C2F7B03-C598-4432-A43A-B065D9D0712F}.Debug|Any CPU.ActiveCfg = Debug|Any CPU
		{4C2F7B03-C598-4432-A43A-B065D9D0712F}.Debug|Any CPU.Build.0 = Debug|Any CPU
		{4C2F7B03-C598-4432-A43A-B065D9D0712F}.Release|Any CPU.ActiveCfg = Release|Any CPU
		{4C2F7B03-C598-4432-A43A-B065D9D0712F}.Release|Any CPU.Build.0 = Release|Any CPU
		{2B48CF90-DBDB-469F-941C-5B5AECEEACE0}.Debug|Any CPU.ActiveCfg = Debug|Any CPU
		{2B48CF90-DBDB-469F-941C-5B5AECEEACE0}.Debug|Any CPU.Build.0 = Debug|Any CPU
		{2B48CF90-DBDB-469F-941C-5B5AECEEACE0}.Release|Any CPU.ActiveCfg = Release|Any CPU
		{2B48CF90-DBDB-469F-941C-5B5AECEEACE0}.Release|Any CPU.Build.0 = Release|Any CPU
		{A7A97BFD-48FA-45D1-8423-031BA30BEAA1}.Debug|Any CPU.ActiveCfg = Debug|Any CPU
		{A7A97BFD-48FA-45D1-8423-031BA30BEAA1}.Debug|Any CPU.Build.0 = Debug|Any CPU
		{A7A97BFD-48FA-45D1-8423-031BA30BEAA1}.Release|Any CPU.ActiveCfg = Release|Any CPU
		{A7A97BFD-48FA-45D1-8423-031BA30BEAA1}.Release|Any CPU.Build.0 = Release|Any CPU
		{3622B544-1345-4230-ABC2-4902328DE971}.Debug|Any CPU.ActiveCfg = Debug|Any CPU
		{3622B544-1345-4230-ABC2-4902328DE971}.Debug|Any CPU.Build.0 = Debug|Any CPU
		{3622B544-1345-4230-ABC2-4902328DE971}.Release|Any CPU.ActiveCfg = Release|Any CPU
		{3622B544-1345-4230-ABC2-4902328DE971}.Release|Any CPU.Build.0 = Release|Any CPU
		{D43CC2C9-449A-4619-B5C6-CBC72BCA0512}.Debug|Any CPU.ActiveCfg = Debug|Any CPU
		{D43CC2C9-449A-4619-B5C6-CBC72BCA0512}.Debug|Any CPU.Build.0 = Debug|Any CPU
		{D43CC2C9-449A-4619-B5C6-CBC72BCA0512}.Release|Any CPU.ActiveCfg = Release|Any CPU
		{D43CC2C9-449A-4619-B5C6-CBC72BCA0512}.Release|Any CPU.Build.0 = Release|Any CPU
		{75C24B75-7B8A-4FC5-9DE4-91BF6168BCC0}.Debug|Any CPU.ActiveCfg = Debug|Any CPU
		{75C24B75-7B8A-4FC5-9DE4-91BF6168BCC0}.Debug|Any CPU.Build.0 = Debug|Any CPU
		{75C24B75-7B8A-4FC5-9DE4-91BF6168BCC0}.Release|Any CPU.ActiveCfg = Release|Any CPU
		{75C24B75-7B8A-4FC5-9DE4-91BF6168BCC0}.Release|Any CPU.Build.0 = Release|Any CPU
		{7CE07034-7E02-4C78-B981-F1039412CA5E}.Debug|Any CPU.ActiveCfg = Debug|Any CPU
		{7CE07034-7E02-4C78-B981-F1039412CA5E}.Debug|Any CPU.Build.0 = Debug|Any CPU
		{7CE07034-7E02-4C78-B981-F1039412CA5E}.Release|Any CPU.ActiveCfg = Release|Any CPU
		{7CE07034-7E02-4C78-B981-F1039412CA5E}.Release|Any CPU.Build.0 = Release|Any CPU
		{6C161F55-54B6-42A5-B177-3B0ED50323C1}.Debug|Any CPU.ActiveCfg = Debug|Any CPU
		{6C161F55-54B6-42A5-B177-3B0ED50323C1}.Debug|Any CPU.Build.0 = Debug|Any CPU
		{6C161F55-54B6-42A5-B177-3B0ED50323C1}.Release|Any CPU.ActiveCfg = Release|Any CPU
		{6C161F55-54B6-42A5-B177-3B0ED50323C1}.Release|Any CPU.Build.0 = Release|Any CPU
		{69168816-4394-4DDA-BB6B-C21983D37F0B}.Debug|Any CPU.ActiveCfg = Debug|Any CPU
		{69168816-4394-4DDA-BB6B-C21983D37F0B}.Debug|Any CPU.Build.0 = Debug|Any CPU
		{69168816-4394-4DDA-BB6B-C21983D37F0B}.Release|Any CPU.ActiveCfg = Release|Any CPU
		{69168816-4394-4DDA-BB6B-C21983D37F0B}.Release|Any CPU.Build.0 = Release|Any CPU
		{3DA9923E-048E-4FE7-9748-3A0194F5D196}.Debug|Any CPU.ActiveCfg = Debug|Any CPU
		{3DA9923E-048E-4FE7-9748-3A0194F5D196}.Debug|Any CPU.Build.0 = Debug|Any CPU
		{3DA9923E-048E-4FE7-9748-3A0194F5D196}.Release|Any CPU.ActiveCfg = Release|Any CPU
		{3DA9923E-048E-4FE7-9748-3A0194F5D196}.Release|Any CPU.Build.0 = Release|Any CPU
		{F006B0B4-F25D-4511-9FB3-F17AA44BDCEA}.Debug|Any CPU.ActiveCfg = Debug|Any CPU
		{F006B0B4-F25D-4511-9FB3-F17AA44BDCEA}.Debug|Any CPU.Build.0 = Debug|Any CPU
		{F006B0B4-F25D-4511-9FB3-F17AA44BDCEA}.Release|Any CPU.ActiveCfg = Release|Any CPU
		{F006B0B4-F25D-4511-9FB3-F17AA44BDCEA}.Release|Any CPU.Build.0 = Release|Any CPU
		{C34708DC-9142-4635-B400-FC2EA709D9AD}.Debug|Any CPU.ActiveCfg = Debug|Any CPU
		{C34708DC-9142-4635-B400-FC2EA709D9AD}.Debug|Any CPU.Build.0 = Debug|Any CPU
		{C34708DC-9142-4635-B400-FC2EA709D9AD}.Release|Any CPU.ActiveCfg = Release|Any CPU
		{C34708DC-9142-4635-B400-FC2EA709D9AD}.Release|Any CPU.Build.0 = Release|Any CPU
		{3AD4B5A3-4E02-4A8F-9ECE-86E6686C4929}.Debug|Any CPU.ActiveCfg = Debug|Any CPU
		{3AD4B5A3-4E02-4A8F-9ECE-86E6686C4929}.Debug|Any CPU.Build.0 = Debug|Any CPU
		{3AD4B5A3-4E02-4A8F-9ECE-86E6686C4929}.Release|Any CPU.ActiveCfg = Release|Any CPU
		{3AD4B5A3-4E02-4A8F-9ECE-86E6686C4929}.Release|Any CPU.Build.0 = Release|Any CPU
		{461A3FF6-412B-4A4A-87D2-036985F0B043}.Debug|Any CPU.ActiveCfg = Debug|Any CPU
		{461A3FF6-412B-4A4A-87D2-036985F0B043}.Debug|Any CPU.Build.0 = Debug|Any CPU
		{461A3FF6-412B-4A4A-87D2-036985F0B043}.Release|Any CPU.ActiveCfg = Release|Any CPU
		{461A3FF6-412B-4A4A-87D2-036985F0B043}.Release|Any CPU.Build.0 = Release|Any CPU
		{20A5D93E-652C-4063-AE9C-C98C75054D68}.Debug|Any CPU.ActiveCfg = Debug|Any CPU
		{20A5D93E-652C-4063-AE9C-C98C75054D68}.Debug|Any CPU.Build.0 = Debug|Any CPU
		{20A5D93E-652C-4063-AE9C-C98C75054D68}.Release|Any CPU.ActiveCfg = Release|Any CPU
		{20A5D93E-652C-4063-AE9C-C98C75054D68}.Release|Any CPU.Build.0 = Release|Any CPU
	EndGlobalSection
	GlobalSection(SolutionProperties) = preSolution
		HideSolutionNode = FALSE
	EndGlobalSection
	GlobalSection(NestedProjects) = preSolution
		{1020F5FD-6A97-40C2-AFCA-EBDF641DF111} = {447C8A77-E5F0-4538-8687-7383196D04EA}
		{02BE03BA-3411-448C-AB61-CB36407CC49A} = {5DF0E140-0513-4D0D-BE2E-3D4D85CD70E6}
		{B1D860BB-6EC6-4BAE-ADAA-C2AEC2FFB510} = {447C8A77-E5F0-4538-8687-7383196D04EA}
		{DDEC5D74-212F-41BD-974C-4B4E88E574E1} = {5DF0E140-0513-4D0D-BE2E-3D4D85CD70E6}
		{8CECCEAF-F0D8-4257-96BA-EACF4763AF42} = {5DF0E140-0513-4D0D-BE2E-3D4D85CD70E6}
		{27D76546-6091-4AEE-9079-1FE3991C81BC} = {447C8A77-E5F0-4538-8687-7383196D04EA}
		{DE160F1A-92FB-44BA-87E2-B8AD7A938AC7} = {447C8A77-E5F0-4538-8687-7383196D04EA}
		{4C2F7B03-C598-4432-A43A-B065D9D0712F} = {447C8A77-E5F0-4538-8687-7383196D04EA}
		{2B48CF90-DBDB-469F-941C-5B5AECEEACE0} = {447C8A77-E5F0-4538-8687-7383196D04EA}
		{A7A97BFD-48FA-45D1-8423-031BA30BEAA1} = {5DF0E140-0513-4D0D-BE2E-3D4D85CD70E6}
		{3622B544-1345-4230-ABC2-4902328DE971} = {447C8A77-E5F0-4538-8687-7383196D04EA}
		{D43CC2C9-449A-4619-B5C6-CBC72BCA0512} = {5DF0E140-0513-4D0D-BE2E-3D4D85CD70E6}
		{75C24B75-7B8A-4FC5-9DE4-91BF6168BCC0} = {5DF0E140-0513-4D0D-BE2E-3D4D85CD70E6}
		{7CE07034-7E02-4C78-B981-F1039412CA5E} = {447C8A77-E5F0-4538-8687-7383196D04EA}
		{6C161F55-54B6-42A5-B177-3B0ED50323C1} = {5DF0E140-0513-4D0D-BE2E-3D4D85CD70E6}
		{69168816-4394-4DDA-BB6B-C21983D37F0B} = {5DF0E140-0513-4D0D-BE2E-3D4D85CD70E6}
		{3DA9923E-048E-4FE7-9748-3A0194F5D196} = {5DF0E140-0513-4D0D-BE2E-3D4D85CD70E6}
		{F006B0B4-F25D-4511-9FB3-F17AA44BDCEA} = {447C8A77-E5F0-4538-8687-7383196D04EA}
		{C34708DC-9142-4635-B400-FC2EA709D9AD} = {447C8A77-E5F0-4538-8687-7383196D04EA}
		{3AD4B5A3-4E02-4A8F-9ECE-86E6686C4929} = {447C8A77-E5F0-4538-8687-7383196D04EA}
		{461A3FF6-412B-4A4A-87D2-036985F0B043} = {5DF0E140-0513-4D0D-BE2E-3D4D85CD70E6}
		{20A5D93E-652C-4063-AE9C-C98C75054D68} = {447C8A77-E5F0-4538-8687-7383196D04EA}
	EndGlobalSection
	GlobalSection(ExtensibilityGlobals) = postSolution
		SolutionGuid = {BB97ECF4-9A84-433F-A80B-2A3285BDD1D5}
	EndGlobalSection
EndGlobal
